
Microsoft Visual Studio Solution File, Format Version 12.00
# Visual Studio Version 16
VisualStudioVersion = 16.0.31410.357
MinimumVisualStudioVersion = 10.0.40219.1
Project("{FAE04EC0-301F-11D3-BF4B-00C04F79EFBC}") = "ShoeStorePayments", "ShoeStorePayments\ShoeStorePayments.csproj", "{D2CE596D-DD5D-4086-8602-ACFDDFC3560A}"
EndProject
Global
	GlobalSection(SolutionConfigurationPlatforms) = preSolution
		Debug|Any CPU = Debug|Any CPU
		Release|Any CPU = Release|Any CPU
	EndGlobalSection
	GlobalSection(ProjectConfigurationPlatforms) = postSolution
		{D2CE596D-DD5D-4086-8602-ACFDDFC3560A}.Debug|Any CPU.ActiveCfg = Debug|Any CPU
		{D2CE596D-DD5D-4086-8602-ACFDDFC3560A}.Debug|Any CPU.Build.0 = Debug|Any CPU
		{D2CE596D-DD5D-4086-8602-ACFDDFC3560A}.Release|Any CPU.ActiveCfg = Release|Any CPU
		{D2CE596D-DD5D-4086-8602-ACFDDFC3560A}.Release|Any CPU.Build.0 = Release|Any CPU
	EndGlobalSection
	GlobalSection(SolutionProperties) = preSolution
		HideSolutionNode = FALSE
	EndGlobalSection
	GlobalSection(ExtensibilityGlobals) = postSolution
		SolutionGuid = {649C9844-52A8-4897-A323-2AB9EE5DB6E6}
	EndGlobalSection
EndGlobal
